
Microsoft Visual Studio Solution File, Format Version 12.00
# Visual Studio Version 17
VisualStudioVersion = 17.6.33801.468
MinimumVisualStudioVersion = 10.0.40219.1
Project("{FAE04EC0-301F-11D3-BF4B-00C04F79EFBC}") = "15_16_Mitsubishi_PLC_test", "15_16_Mitsubishi_PLC_test.csproj", "{6B38F061-A105-49C6-B5DA-27A88C6C51C4}"
EndProject
Global
	GlobalSection(SolutionConfigurationPlatforms) = preSolution
		Debug|Any CPU = Debug|Any CPU
		Release|Any CPU = Release|Any CPU
	EndGlobalSection
	GlobalSection(ProjectConfigurationPlatforms) = postSolution
		{6B38F061-A105-49C6-B5DA-27A88C6C51C4}.Debug|Any CPU.ActiveCfg = Debug|Any CPU
		{6B38F061-A105-49C6-B5DA-27A88C6C51C4}.Debug|Any CPU.Build.0 = Debug|Any CPU
		{6B38F061-A105-49C6-B5DA-27A88C6C51C4}.Release|Any CPU.ActiveCfg = Release|Any CPU
		{6B38F061-A105-49C6-B5DA-27A88C6C51C4}.Release|Any CPU.Build.0 = Release|Any CPU
	EndGlobalSection
	GlobalSection(SolutionProperties) = preSolution
		HideSolutionNode = FALSE
	EndGlobalSection
	GlobalSection(ExtensibilityGlobals) = postSolution
		SolutionGuid = {67B7DC44-07A3-452F-8987-810F7EC3950B}
	EndGlobalSection
EndGlobal
