
Microsoft Visual Studio Solution File, Format Version 12.00
# Visual Studio Version 17
VisualStudioVersion = 17.6.33801.468
MinimumVisualStudioVersion = 10.0.40219.1
Project("{FAE04EC0-301F-11D3-BF4B-00C04F79EFBC}") = "9_10_Time_Random", "9_10_Time_Random.csproj", "{73FBA28C-0AFE-4381-BEF9-F8EEDB249505}"
EndProject
Global
	GlobalSection(SolutionConfigurationPlatforms) = preSolution
		Debug|Any CPU = Debug|Any CPU
		Release|Any CPU = Release|Any CPU
	EndGlobalSection
	GlobalSection(ProjectConfigurationPlatforms) = postSolution
		{73FBA28C-0AFE-4381-BEF9-F8EEDB249505}.Debug|Any CPU.ActiveCfg = Debug|Any CPU
		{73FBA28C-0AFE-4381-BEF9-F8EEDB249505}.Debug|Any CPU.Build.0 = Debug|Any CPU
		{73FBA28C-0AFE-4381-BEF9-F8EEDB249505}.Release|Any CPU.ActiveCfg = Release|Any CPU
		{73FBA28C-0AFE-4381-BEF9-F8EEDB249505}.Release|Any CPU.Build.0 = Release|Any CPU
	EndGlobalSection
	GlobalSection(SolutionProperties) = preSolution
		HideSolutionNode = FALSE
	EndGlobalSection
	GlobalSection(ExtensibilityGlobals) = postSolution
		SolutionGuid = {2C9EDB19-C5E5-49EF-B697-13FFE005B64A}
	EndGlobalSection
EndGlobal
