
Microsoft Visual Studio Solution File, Format Version 12.00
# Visual Studio Version 17
VisualStudioVersion = 17.6.33723.286
MinimumVisualStudioVersion = 10.0.40219.1
Project("{FAE04EC0-301F-11D3-BF4B-00C04F79EFBC}") = "2_Data_type", "2_Data_type.csproj", "{F358E69B-B87A-48C0-82B0-D360E55613A6}"
EndProject
Global
	GlobalSection(SolutionConfigurationPlatforms) = preSolution
		Debug|Any CPU = Debug|Any CPU
		Release|Any CPU = Release|Any CPU
	EndGlobalSection
	GlobalSection(ProjectConfigurationPlatforms) = postSolution
		{F358E69B-B87A-48C0-82B0-D360E55613A6}.Debug|Any CPU.ActiveCfg = Debug|Any CPU
		{F358E69B-B87A-48C0-82B0-D360E55613A6}.Debug|Any CPU.Build.0 = Debug|Any CPU
		{F358E69B-B87A-48C0-82B0-D360E55613A6}.Release|Any CPU.ActiveCfg = Release|Any CPU
		{F358E69B-B87A-48C0-82B0-D360E55613A6}.Release|Any CPU.Build.0 = Release|Any CPU
	EndGlobalSection
	GlobalSection(SolutionProperties) = preSolution
		HideSolutionNode = FALSE
	EndGlobalSection
	GlobalSection(ExtensibilityGlobals) = postSolution
		SolutionGuid = {4D1EB4ED-3B4B-42BB-A334-1815E14EDDF1}
	EndGlobalSection
EndGlobal
