
Microsoft Visual Studio Solution File, Format Version 12.00
# Visual Studio Version 17
VisualStudioVersion = 17.6.33801.468
MinimumVisualStudioVersion = 10.0.40219.1
Project("{FAE04EC0-301F-11D3-BF4B-00C04F79EFBC}") = "13_14_Class", "13_14_Class.csproj", "{2D86235C-6BD3-4217-9F37-C84FC037CDB7}"
EndProject
Global
	GlobalSection(SolutionConfigurationPlatforms) = preSolution
		Debug|Any CPU = Debug|Any CPU
		Release|Any CPU = Release|Any CPU
	EndGlobalSection
	GlobalSection(ProjectConfigurationPlatforms) = postSolution
		{2D86235C-6BD3-4217-9F37-C84FC037CDB7}.Debug|Any CPU.ActiveCfg = Debug|Any CPU
		{2D86235C-6BD3-4217-9F37-C84FC037CDB7}.Debug|Any CPU.Build.0 = Debug|Any CPU
		{2D86235C-6BD3-4217-9F37-C84FC037CDB7}.Release|Any CPU.ActiveCfg = Release|Any CPU
		{2D86235C-6BD3-4217-9F37-C84FC037CDB7}.Release|Any CPU.Build.0 = Release|Any CPU
	EndGlobalSection
	GlobalSection(SolutionProperties) = preSolution
		HideSolutionNode = FALSE
	EndGlobalSection
	GlobalSection(ExtensibilityGlobals) = postSolution
		SolutionGuid = {FFE2A1E5-2240-4484-92E8-B099B5E0FEBA}
	EndGlobalSection
EndGlobal
