
Microsoft Visual Studio Solution File, Format Version 12.00
# Visual Studio Version 17
VisualStudioVersion = 17.6.33723.286
MinimumVisualStudioVersion = 10.0.40219.1
Project("{FAE04EC0-301F-11D3-BF4B-00C04F79EFBC}") = "1_C#_Intro", "1_C#_Intro.csproj", "{B9275558-76BC-4619-AA7D-F3B1EB52491D}"
EndProject
Global
	GlobalSection(SolutionConfigurationPlatforms) = preSolution
		Debug|Any CPU = Debug|Any CPU
		Release|Any CPU = Release|Any CPU
	EndGlobalSection
	GlobalSection(ProjectConfigurationPlatforms) = postSolution
		{B9275558-76BC-4619-AA7D-F3B1EB52491D}.Debug|Any CPU.ActiveCfg = Debug|Any CPU
		{B9275558-76BC-4619-AA7D-F3B1EB52491D}.Debug|Any CPU.Build.0 = Debug|Any CPU
		{B9275558-76BC-4619-AA7D-F3B1EB52491D}.Release|Any CPU.ActiveCfg = Release|Any CPU
		{B9275558-76BC-4619-AA7D-F3B1EB52491D}.Release|Any CPU.Build.0 = Release|Any CPU
	EndGlobalSection
	GlobalSection(SolutionProperties) = preSolution
		HideSolutionNode = FALSE
	EndGlobalSection
	GlobalSection(ExtensibilityGlobals) = postSolution
		SolutionGuid = {AB9F39CF-24A2-4CE9-8436-63FD1A50F0B1}
	EndGlobalSection
EndGlobal
